
Microsoft Visual Studio Solution File, Format Version 12.00
# Visual Studio Version 17
VisualStudioVersion = 17.8.34525.116
MinimumVisualStudioVersion = 10.0.40219.1
Project("{FAE04EC0-301F-11D3-BF4B-00C04F79EFBC}") = "SignalisMachete", "SignalisMachete\SignalisMachete.csproj", "{937EF795-8673-4516-81C5-8EC88010E009}"
EndProject
Global
	GlobalSection(SolutionConfigurationPlatforms) = preSolution
		Debug|Any CPU = Debug|Any CPU
		Release|Any CPU = Release|Any CPU
	EndGlobalSection
	GlobalSection(ProjectConfigurationPlatforms) = postSolution
		{937EF795-8673-4516-81C5-8EC88010E009}.Debug|Any CPU.ActiveCfg = Debug|Any CPU
		{937EF795-8673-4516-81C5-8EC88010E009}.Debug|Any CPU.Build.0 = Debug|Any CPU
		{937EF795-8673-4516-81C5-8EC88010E009}.Release|Any CPU.ActiveCfg = Release|Any CPU
		{937EF795-8673-4516-81C5-8EC88010E009}.Release|Any CPU.Build.0 = Release|Any CPU
	EndGlobalSection
	GlobalSection(SolutionProperties) = preSolution
		HideSolutionNode = FALSE
	EndGlobalSection
	GlobalSection(ExtensibilityGlobals) = postSolution
		SolutionGuid = {82E9532A-82B5-4313-AB11-449CCFD8A10B}
	EndGlobalSection
EndGlobal
